<?xml version="1.0" encoding="utf-8"?>
<Project ToolsVersion="12.0" xmlns="http://schemas.microsoft.com/developer/msbuild/2003">
  <ItemGroup>
    <Filter Include="Source Files">
      <UniqueIdentifier>8a8c1375-4e05-430a-8599-4bd458494a6a</UniqueIdentifier>
      <Extensions>cpp;c;cc;cxx;def;odl;idl;hpj;bat;asm;asmx</Extensions>
    </Filter>
    <Filter Include="Header Files">
      <UniqueIdentifier>8413dc88-eb09-4d3a-a405-b4a83f8a0362</UniqueIdentifier>
      <Extensions>h;hpp;hxx;hm;inl;inc;xsd</Extensions>
    </Filter>
    <Filter Include="Resource Files">
      <UniqueIdentifier>b83c31b8-5d73-438f-9fb9-51f3de601687</UniqueIdentifier>
      <Extensions>rc;ico;cur;bmp;dlg;rc2;rct;bin;rgs;gif;jpg;jpeg;jpe;resx;tga;tiff;tif;png;wav;mfcribbon-ms</Extensions>
    </Filter>
    <Filter Include="Package">
      <UniqueIdentifier>a4908a34-e5ba-4ee2-80c9-902665e1a0cc</UniqueIdentifier>
      <Extensions>appxmanifest;tile;settings</Extensions>
    </Filter>
  </ItemGroup>
  <ItemGroup>
    <ClInclude Include="pch.h">
      <Filter>Header Files</Filter>
    </ClInclude>
    <ClInclude Include="targetver.h">
      <Filter>Header Files</Filter>
    </ClInclude>
  </ItemGroup>
  <ItemGroup>
    <ClCompile Include="pch.cpp">
      <Filter>Source Files</Filter>
    </ClCompile>
    <ClCompile Include="SequencerConfigurationTests.cpp">
      <Filter>Source Files</Filter>
    </ClCompile>
    <ClCompile Include="SequencerTests.cpp">
      <Filter>Source Files</Filter>
    </ClCompile>
    <ClCompile Include="AudioBufferTests.cpp">
      <Filter>Source Files</Filter>
    </ClCompile>
    <ClCompile Include="TestUtility.cpp">
      <Filter>Source Files</Filter>
    </ClCompile>
  </ItemGroup>
  <ItemGroup>
    <Image Include="Images\UnitTestLogo.scale-100.png">
      <Filter>Resource Files</Filter>
    </Image>
    <Image Include="Images\UnitTestSmallLogo.scale-100.png">
      <Filter>Resource Files</Filter>
    </Image>
    <Image Include="Images\UnitTestSplashScreen.scale-100.png">
      <Filter>Resource Files</Filter>
    </Image>
    <Image Include="Images\UnitTestStoreLogo.scale-100.png">
      <Filter>Resource Files</Filter>
    </Image>
  </ItemGroup>
  <ItemGroup>
    <AppxManifest Include="Package.appxmanifest">
      <Filter>Package</Filter>
    </AppxManifest>
  </ItemGroup>
  <ItemGroup>
    <None Include="SequencerTests_TemporaryKey.pfx" />
  </ItemGroup>
</Project>